// !$*UTF8*$!
{
	archiveVersion = 1;
	classes = {
	};
	objectVersion = 50;
	objects = {

/* Begin PBXBuildFile section */
		156EDEA324D6453B00D91BF5 /* Tests_iOS.swift in Sources */ = {isa = PBXBuildFile; fileRef = 156EDEA224D6453B00D91BF5 /* Tests_iOS.swift */; };
		156EDEAE24D6453B00D91BF5 /* Tests_macOS.swift in Sources */ = {isa = PBXBuildFile; fileRef = 156EDEAD24D6453B00D91BF5 /* Tests_macOS.swift */; };
		156EDEB024D6453B00D91BF5 /* HexacoForWritersApp.swift in Sources */ = {isa = PBXBuildFile; fileRef = 156EDE8724D6453A00D91BF5 /* HexacoForWritersApp.swift */; };
		156EDEB124D6453B00D91BF5 /* HexacoForWritersApp.swift in Sources */ = {isa = PBXBuildFile; fileRef = 156EDE8724D6453A00D91BF5 /* HexacoForWritersApp.swift */; };
		156EDEB224D6453B00D91BF5 /* ContentView.swift in Sources */ = {isa = PBXBuildFile; fileRef = 156EDE8824D6453A00D91BF5 /* ContentView.swift */; };
		156EDEB324D6453B00D91BF5 /* ContentView.swift in Sources */ = {isa = PBXBuildFile; fileRef = 156EDE8824D6453A00D91BF5 /* ContentView.swift */; };
		156EDEB424D6453B00D91BF5 /* Assets.xcassets in Resources */ = {isa = PBXBuildFile; fileRef = 156EDE8924D6453B00D91BF5 /* Assets.xcassets */; };
		156EDEB524D6453B00D91BF5 /* Assets.xcassets in Resources */ = {isa = PBXBuildFile; fileRef = 156EDE8924D6453B00D91BF5 /* Assets.xcassets */; };
		156EDED024D646AD00D91BF5 /* Hexaco60Inventory.swift in Sources */ = {isa = PBXBuildFile; fileRef = 156EDEC524D646AC00D91BF5 /* Hexaco60Inventory.swift */; };
		156EDED124D646AD00D91BF5 /* Hexaco60Inventory.swift in Sources */ = {isa = PBXBuildFile; fileRef = 156EDEC524D646AC00D91BF5 /* Hexaco60Inventory.swift */; };
		156EDED224D646AD00D91BF5 /* Hexaco60FactorScore.swift in Sources */ = {isa = PBXBuildFile; fileRef = 156EDEC624D646AC00D91BF5 /* Hexaco60FactorScore.swift */; };
		156EDED324D646AD00D91BF5 /* Hexaco60FactorScore.swift in Sources */ = {isa = PBXBuildFile; fileRef = 156EDEC624D646AC00D91BF5 /* Hexaco60FactorScore.swift */; };
		156EDED424D646AD00D91BF5 /* Gender.swift in Sources */ = {isa = PBXBuildFile; fileRef = 156EDEC724D646AC00D91BF5 /* Gender.swift */; };
		156EDED524D646AD00D91BF5 /* Gender.swift in Sources */ = {isa = PBXBuildFile; fileRef = 156EDEC724D646AC00D91BF5 /* Gender.swift */; };
		156EDED624D646AD00D91BF5 /* Hexaco60CompletedInventory.swift in Sources */ = {isa = PBXBuildFile; fileRef = 156EDEC824D646AD00D91BF5 /* Hexaco60CompletedInventory.swift */; };
		156EDED724D646AD00D91BF5 /* Hexaco60CompletedInventory.swift in Sources */ = {isa = PBXBuildFile; fileRef = 156EDEC824D646AD00D91BF5 /* Hexaco60CompletedInventory.swift */; };
		156EDED824D646AD00D91BF5 /* HexacoFactor.swift in Sources */ = {isa = PBXBuildFile; fileRef = 156EDEC924D646AD00D91BF5 /* HexacoFactor.swift */; };
		156EDED924D646AD00D91BF5 /* HexacoFactor.swift in Sources */ = {isa = PBXBuildFile; fileRef = 156EDEC924D646AD00D91BF5 /* HexacoFactor.swift */; };
		156EDEDA24D646AD00D91BF5 /* Hexaco60InventoryScore.swift in Sources */ = {isa = PBXBuildFile; fileRef = 156EDECA24D646AD00D91BF5 /* Hexaco60InventoryScore.swift */; };
		156EDEDB24D646AD00D91BF5 /* Hexaco60InventoryScore.swift in Sources */ = {isa = PBXBuildFile; fileRef = 156EDECA24D646AD00D91BF5 /* Hexaco60InventoryScore.swift */; };
		156EDEDC24D646AD00D91BF5 /* Hexaco60Scale.swift in Sources */ = {isa = PBXBuildFile; fileRef = 156EDECB24D646AD00D91BF5 /* Hexaco60Scale.swift */; };
		156EDEDD24D646AD00D91BF5 /* Hexaco60Scale.swift in Sources */ = {isa = PBXBuildFile; fileRef = 156EDECB24D646AD00D91BF5 /* Hexaco60Scale.swift */; };
		156EDEDE24D646AD00D91BF5 /* Hexaco60ItemScore.swift in Sources */ = {isa = PBXBuildFile; fileRef = 156EDECC24D646AD00D91BF5 /* Hexaco60ItemScore.swift */; };
		156EDEDF24D646AD00D91BF5 /* Hexaco60ItemScore.swift in Sources */ = {isa = PBXBuildFile; fileRef = 156EDECC24D646AD00D91BF5 /* Hexaco60ItemScore.swift */; };
		156EDEE024D646AD00D91BF5 /* Scale.swift in Sources */ = {isa = PBXBuildFile; fileRef = 156EDECD24D646AD00D91BF5 /* Scale.swift */; };
		156EDEE124D646AD00D91BF5 /* Scale.swift in Sources */ = {isa = PBXBuildFile; fileRef = 156EDECD24D646AD00D91BF5 /* Scale.swift */; };
		156EDEE224D646AD00D91BF5 /* HexacoInventoryItem.swift in Sources */ = {isa = PBXBuildFile; fileRef = 156EDECE24D646AD00D91BF5 /* HexacoInventoryItem.swift */; };
		156EDEE324D646AD00D91BF5 /* HexacoInventoryItem.swift in Sources */ = {isa = PBXBuildFile; fileRef = 156EDECE24D646AD00D91BF5 /* HexacoInventoryItem.swift */; };
		156EDEE424D646AD00D91BF5 /* Character.swift in Sources */ = {isa = PBXBuildFile; fileRef = 156EDECF24D646AD00D91BF5 /* Character.swift */; };
		156EDEE524D646AD00D91BF5 /* Character.swift in Sources */ = {isa = PBXBuildFile; fileRef = 156EDECF24D646AD00D91BF5 /* Character.swift */; };
/* End PBXBuildFile section */

/* Begin PBXContainerItemProxy section */
		156EDE9F24D6453B00D91BF5 /* PBXContainerItemProxy */ = {
			isa = PBXContainerItemProxy;
			containerPortal = 156EDE8224D6453A00D91BF5 /* Project object */;
			proxyType = 1;
			remoteGlobalIDString = 156EDE8D24D6453B00D91BF5;
			remoteInfo = "HexacoForWriters (iOS)";
		};
		156EDEAA24D6453B00D91BF5 /* PBXContainerItemProxy */ = {
			isa = PBXContainerItemProxy;
			containerPortal = 156EDE8224D6453A00D91BF5 /* Project object */;
			proxyType = 1;
			remoteGlobalIDString = 156EDE9524D6453B00D91BF5;
			remoteInfo = "HexacoForWriters (macOS)";
		};
/* End PBXContainerItemProxy section */

/* Begin PBXFileReference section */
		156EDE8724D6453A00D91BF5 /* HexacoForWritersApp.swift */ = {isa = PBXFileReference; lastKnownFileType = sourcecode.swift; path = HexacoForWritersApp.swift; sourceTree = "<group>"; };
		156EDE8824D6453A00D91BF5 /* ContentView.swift */ = {isa = PBXFileReference; lastKnownFileType = sourcecode.swift; path = ContentView.swift; sourceTree = "<group>"; };
		156EDE8924D6453B00D91BF5 /* Assets.xcassets */ = {isa = PBXFileReference; lastKnownFileType = folder.assetcatalog; path = Assets.xcassets; sourceTree = "<group>"; };
		156EDE8E24D6453B00D91BF5 /* HexacoForWriters.app */ = {isa = PBXFileReference; explicitFileType = wrapper.application; includeInIndex = 0; path = HexacoForWriters.app; sourceTree = BUILT_PRODUCTS_DIR; };
		156EDE9124D6453B00D91BF5 /* Info.plist */ = {isa = PBXFileReference; lastKnownFileType = text.plist.xml; path = Info.plist; sourceTree = "<group>"; };
		156EDE9624D6453B00D91BF5 /* HexacoForWriters.app */ = {isa = PBXFileReference; explicitFileType = wrapper.application; includeInIndex = 0; path = HexacoForWriters.app; sourceTree = BUILT_PRODUCTS_DIR; };
		156EDE9824D6453B00D91BF5 /* Info.plist */ = {isa = PBXFileReference; lastKnownFileType = text.plist.xml; path = Info.plist; sourceTree = "<group>"; };
		156EDE9924D6453B00D91BF5 /* macOS.entitlements */ = {isa = PBXFileReference; lastKnownFileType = text.plist.entitlements; path = macOS.entitlements; sourceTree = "<group>"; };
		156EDE9E24D6453B00D91BF5 /* Tests iOS.xctest */ = {isa = PBXFileReference; explicitFileType = wrapper.cfbundle; includeInIndex = 0; path = "Tests iOS.xctest"; sourceTree = BUILT_PRODUCTS_DIR; };
		156EDEA224D6453B00D91BF5 /* Tests_iOS.swift */ = {isa = PBXFileReference; lastKnownFileType = sourcecode.swift; path = Tests_iOS.swift; sourceTree = "<group>"; };
		156EDEA424D6453B00D91BF5 /* Info.plist */ = {isa = PBXFileReference; lastKnownFileType = text.plist.xml; path = Info.plist; sourceTree = "<group>"; };
		156EDEA924D6453B00D91BF5 /* Tests macOS.xctest */ = {isa = PBXFileReference; explicitFileType = wrapper.cfbundle; includeInIndex = 0; path = "Tests macOS.xctest"; sourceTree = BUILT_PRODUCTS_DIR; };
		156EDEAD24D6453B00D91BF5 /* Tests_macOS.swift */ = {isa = PBXFileReference; lastKnownFileType = sourcecode.swift; path = Tests_macOS.swift; sourceTree = "<group>"; };
		156EDEAF24D6453B00D91BF5 /* Info.plist */ = {isa = PBXFileReference; lastKnownFileType = text.plist.xml; path = Info.plist; sourceTree = "<group>"; };
		156EDEC524D646AC00D91BF5 /* Hexaco60Inventory.swift */ = {isa = PBXFileReference; fileEncoding = 4; lastKnownFileType = sourcecode.swift; path = Hexaco60Inventory.swift; sourceTree = "<group>"; };
		156EDEC624D646AC00D91BF5 /* Hexaco60FactorScore.swift */ = {isa = PBXFileReference; fileEncoding = 4; lastKnownFileType = sourcecode.swift; path = Hexaco60FactorScore.swift; sourceTree = "<group>"; };
		156EDEC724D646AC00D91BF5 /* Gender.swift */ = {isa = PBXFileReference; fileEncoding = 4; lastKnownFileType = sourcecode.swift; path = Gender.swift; sourceTree = "<group>"; };
		156EDEC824D646AD00D91BF5 /* Hexaco60CompletedInventory.swift */ = {isa = PBXFileReference; fileEncoding = 4; lastKnownFileType = sourcecode.swift; path = Hexaco60CompletedInventory.swift; sourceTree = "<group>"; };
		156EDEC924D646AD00D91BF5 /* HexacoFactor.swift */ = {isa = PBXFileReference; fileEncoding = 4; lastKnownFileType = sourcecode.swift; path = HexacoFactor.swift; sourceTree = "<group>"; };
		156EDECA24D646AD00D91BF5 /* Hexaco60InventoryScore.swift */ = {isa = PBXFileReference; fileEncoding = 4; lastKnownFileType = sourcecode.swift; path = Hexaco60InventoryScore.swift; sourceTree = "<group>"; };
		156EDECB24D646AD00D91BF5 /* Hexaco60Scale.swift */ = {isa = PBXFileReference; fileEncoding = 4; lastKnownFileType = sourcecode.swift; path = Hexaco60Scale.swift; sourceTree = "<group>"; };
		156EDECC24D646AD00D91BF5 /* Hexaco60ItemScore.swift */ = {isa = PBXFileReference; fileEncoding = 4; lastKnownFileType = sourcecode.swift; path = Hexaco60ItemScore.swift; sourceTree = "<group>"; };
		156EDECD24D646AD00D91BF5 /* Scale.swift */ = {isa = PBXFileReference; fileEncoding = 4; lastKnownFileType = sourcecode.swift; path = Scale.swift; sourceTree = "<group>"; };
		156EDECE24D646AD00D91BF5 /* HexacoInventoryItem.swift */ = {isa = PBXFileReference; fileEncoding = 4; lastKnownFileType = sourcecode.swift; path = HexacoInventoryItem.swift; sourceTree = "<group>"; };
		156EDECF24D646AD00D91BF5 /* Character.swift */ = {isa = PBXFileReference; fileEncoding = 4; lastKnownFileType = sourcecode.swift; path = Character.swift; sourceTree = "<group>"; };
/* End PBXFileReference section */

/* Begin PBXFrameworksBuildPhase section */
		156EDE8B24D6453B00D91BF5 /* Frameworks */ = {
			isa = PBXFrameworksBuildPhase;
			buildActionMask = 2147483647;
			files = (
			);
			runOnlyForDeploymentPostprocessing = 0;
		};
		156EDE9324D6453B00D91BF5 /* Frameworks */ = {
			isa = PBXFrameworksBuildPhase;
			buildActionMask = 2147483647;
			files = (
			);
			runOnlyForDeploymentPostprocessing = 0;
		};
		156EDE9B24D6453B00D91BF5 /* Frameworks */ = {
			isa = PBXFrameworksBuildPhase;
			buildActionMask = 2147483647;
			files = (
			);
			runOnlyForDeploymentPostprocessing = 0;
		};
		156EDEA624D6453B00D91BF5 /* Frameworks */ = {
			isa = PBXFrameworksBuildPhase;
			buildActionMask = 2147483647;
			files = (
			);
			runOnlyForDeploymentPostprocessing = 0;
		};
/* End PBXFrameworksBuildPhase section */

/* Begin PBXGroup section */
		156EDE8124D6453A00D91BF5 = {
			isa = PBXGroup;
			children = (
				156EDE8624D6453A00D91BF5 /* Shared */,
				156EDE9024D6453B00D91BF5 /* iOS */,
				156EDE9724D6453B00D91BF5 /* macOS */,
				156EDEA124D6453B00D91BF5 /* Tests iOS */,
				156EDEAC24D6453B00D91BF5 /* Tests macOS */,
				156EDE8F24D6453B00D91BF5 /* Products */,
			);
			sourceTree = "<group>";
		};
		156EDE8624D6453A00D91BF5 /* Shared */ = {
			isa = PBXGroup;
			children = (
				156EDEC424D6466C00D91BF5 /* Model */,
				156EDE8724D6453A00D91BF5 /* HexacoForWritersApp.swift */,
				156EDE8824D6453A00D91BF5 /* ContentView.swift */,
				156EDE8924D6453B00D91BF5 /* Assets.xcassets */,
			);
			path = Shared;
			sourceTree = "<group>";
		};
		156EDE8F24D6453B00D91BF5 /* Products */ = {
			isa = PBXGroup;
			children = (
				156EDE8E24D6453B00D91BF5 /* HexacoForWriters.app */,
				156EDE9624D6453B00D91BF5 /* HexacoForWriters.app */,
				156EDE9E24D6453B00D91BF5 /* Tests iOS.xctest */,
				156EDEA924D6453B00D91BF5 /* Tests macOS.xctest */,
			);
			name = Products;
			sourceTree = "<group>";
		};
		156EDE9024D6453B00D91BF5 /* iOS */ = {
			isa = PBXGroup;
			children = (
				156EDE9124D6453B00D91BF5 /* Info.plist */,
			);
			path = iOS;
			sourceTree = "<group>";
		};
		156EDE9724D6453B00D91BF5 /* macOS */ = {
			isa = PBXGroup;
			children = (
				156EDE9824D6453B00D91BF5 /* Info.plist */,
				156EDE9924D6453B00D91BF5 /* macOS.entitlements */,
			);
			path = macOS;
			sourceTree = "<group>";
		};
		156EDEA124D6453B00D91BF5 /* Tests iOS */ = {
			isa = PBXGroup;
			children = (
				156EDEA224D6453B00D91BF5 /* Tests_iOS.swift */,
				156EDEA424D6453B00D91BF5 /* Info.plist */,
			);
			path = "Tests iOS";
			sourceTree = "<group>";
		};
		156EDEAC24D6453B00D91BF5 /* Tests macOS */ = {
			isa = PBXGroup;
			children = (
				156EDEAD24D6453B00D91BF5 /* Tests_macOS.swift */,
				156EDEAF24D6453B00D91BF5 /* Info.plist */,
			);
			path = "Tests macOS";
			sourceTree = "<group>";
		};
		156EDEC424D6466C00D91BF5 /* Model */ = {
			isa = PBXGroup;
			children = (
				156EDECF24D646AD00D91BF5 /* Character.swift */,
				156EDEC724D646AC00D91BF5 /* Gender.swift */,
				156EDEC824D646AD00D91BF5 /* Hexaco60CompletedInventory.swift */,
				156EDEC624D646AC00D91BF5 /* Hexaco60FactorScore.swift */,
				156EDEC524D646AC00D91BF5 /* Hexaco60Inventory.swift */,
				156EDECA24D646AD00D91BF5 /* Hexaco60InventoryScore.swift */,
				156EDECC24D646AD00D91BF5 /* Hexaco60ItemScore.swift */,
				156EDECB24D646AD00D91BF5 /* Hexaco60Scale.swift */,
				156EDEC924D646AD00D91BF5 /* HexacoFactor.swift */,
				156EDECE24D646AD00D91BF5 /* HexacoInventoryItem.swift */,
				156EDECD24D646AD00D91BF5 /* Scale.swift */,
			);
			path = Model;
			sourceTree = "<group>";
		};
/* End PBXGroup section */

/* Begin PBXNativeTarget section */
		156EDE8D24D6453B00D91BF5 /* HexacoForWriters (iOS) */ = {
			isa = PBXNativeTarget;
			buildConfigurationList = 156EDEB824D6453B00D91BF5 /* Build configuration list for PBXNativeTarget "HexacoForWriters (iOS)" */;
			buildPhases = (
				156EDE8A24D6453B00D91BF5 /* Sources */,
				156EDE8B24D6453B00D91BF5 /* Frameworks */,
				156EDE8C24D6453B00D91BF5 /* Resources */,
			);
			buildRules = (
			);
			dependencies = (
			);
			name = "HexacoForWriters (iOS)";
			productName = "HexacoForWriters (iOS)";
			productReference = 156EDE8E24D6453B00D91BF5 /* HexacoForWriters.app */;
			productType = "com.apple.product-type.application";
		};
		156EDE9524D6453B00D91BF5 /* HexacoForWriters (macOS) */ = {
			isa = PBXNativeTarget;
			buildConfigurationList = 156EDEBB24D6453B00D91BF5 /* Build configuration list for PBXNativeTarget "HexacoForWriters (macOS)" */;
			buildPhases = (
				156EDE9224D6453B00D91BF5 /* Sources */,
				156EDE9324D6453B00D91BF5 /* Frameworks */,
				156EDE9424D6453B00D91BF5 /* Resources */,
			);
			buildRules = (
			);
			dependencies = (
			);
			name = "HexacoForWriters (macOS)";
			productName = "HexacoForWriters (macOS)";
			productReference = 156EDE9624D6453B00D91BF5 /* HexacoForWriters.app */;
			productType = "com.apple.product-type.application";
		};
		156EDE9D24D6453B00D91BF5 /* Tests iOS */ = {
			isa = PBXNativeTarget;
			buildConfigurationList = 156EDEBE24D6453B00D91BF5 /* Build configuration list for PBXNativeTarget "Tests iOS" */;
			buildPhases = (
				156EDE9A24D6453B00D91BF5 /* Sources */,
				156EDE9B24D6453B00D91BF5 /* Frameworks */,
				156EDE9C24D6453B00D91BF5 /* Resources */,
			);
			buildRules = (
			);
			dependencies = (
				156EDEA024D6453B00D91BF5 /* PBXTargetDependency */,
			);
			name = "Tests iOS";
			productName = "Tests iOS";
			productReference = 156EDE9E24D6453B00D91BF5 /* Tests iOS.xctest */;
			productType = "com.apple.product-type.bundle.ui-testing";
		};
		156EDEA824D6453B00D91BF5 /* Tests macOS */ = {
			isa = PBXNativeTarget;
			buildConfigurationList = 156EDEC124D6453B00D91BF5 /* Build configuration list for PBXNativeTarget "Tests macOS" */;
			buildPhases = (
				156EDEA524D6453B00D91BF5 /* Sources */,
				156EDEA624D6453B00D91BF5 /* Frameworks */,
				156EDEA724D6453B00D91BF5 /* Resources */,
			);
			buildRules = (
			);
			dependencies = (
				156EDEAB24D6453B00D91BF5 /* PBXTargetDependency */,
			);
			name = "Tests macOS";
			productName = "Tests macOS";
			productReference = 156EDEA924D6453B00D91BF5 /* Tests macOS.xctest */;
			productType = "com.apple.product-type.bundle.ui-testing";
		};
/* End PBXNativeTarget section */

/* Begin PBXProject section */
		156EDE8224D6453A00D91BF5 /* Project object */ = {
			isa = PBXProject;
			attributes = {
				LastSwiftUpdateCheck = 1200;
				LastUpgradeCheck = 1200;
				TargetAttributes = {
					156EDE8D24D6453B00D91BF5 = {
						CreatedOnToolsVersion = 12.0;
					};
					156EDE9524D6453B00D91BF5 = {
						CreatedOnToolsVersion = 12.0;
					};
					156EDE9D24D6453B00D91BF5 = {
						CreatedOnToolsVersion = 12.0;
						TestTargetID = 156EDE8D24D6453B00D91BF5;
					};
					156EDEA824D6453B00D91BF5 = {
						CreatedOnToolsVersion = 12.0;
						TestTargetID = 156EDE9524D6453B00D91BF5;
					};
				};
			};
			buildConfigurationList = 156EDE8524D6453A00D91BF5 /* Build configuration list for PBXProject "HexacoForWriters" */;
			compatibilityVersion = "Xcode 9.3";
			developmentRegion = en;
			hasScannedForEncodings = 0;
			knownRegions = (
				en,
				Base,
			);
			mainGroup = 156EDE8124D6453A00D91BF5;
			productRefGroup = 156EDE8F24D6453B00D91BF5 /* Products */;
			projectDirPath = "";
			projectRoot = "";
			targets = (
				156EDE8D24D6453B00D91BF5 /* HexacoForWriters (iOS) */,
				156EDE9524D6453B00D91BF5 /* HexacoForWriters (macOS) */,
				156EDE9D24D6453B00D91BF5 /* Tests iOS */,
				156EDEA824D6453B00D91BF5 /* Tests macOS */,
			);
		};
/* End PBXProject section */

/* Begin PBXResourcesBuildPhase section */
		156EDE8C24D6453B00D91BF5 /* Resources */ = {
			isa = PBXResourcesBuildPhase;
			buildActionMask = 2147483647;
			files = (
				156EDEB424D6453B00D91BF5 /* Assets.xcassets in Resources */,
			);
			runOnlyForDeploymentPostprocessing = 0;
		};
		156EDE9424D6453B00D91BF5 /* Resources */ = {
			isa = PBXResourcesBuildPhase;
			buildActionMask = 2147483647;
			files = (
				156EDEB524D6453B00D91BF5 /* Assets.xcassets in Resources */,
			);
			runOnlyForDeploymentPostprocessing = 0;
		};
		156EDE9C24D6453B00D91BF5 /* Resources */ = {
			isa = PBXResourcesBuildPhase;
			buildActionMask = 2147483647;
			files = (
			);
			runOnlyForDeploymentPostprocessing = 0;
		};
		156EDEA724D6453B00D91BF5 /* Resources */ = {
			isa = PBXResourcesBuildPhase;
			buildActionMask = 2147483647;
			files = (
			);
			runOnlyForDeploymentPostprocessing = 0;
		};
/* End PBXResourcesBuildPhase section */

/* Begin PBXSourcesBuildPhase section */
		156EDE8A24D6453B00D91BF5 /* Sources */ = {
			isa = PBXSourcesBuildPhase;
			buildActionMask = 2147483647;
			files = (
				156EDEE424D646AD00D91BF5 /* Character.swift in Sources */,
				156EDEB224D6453B00D91BF5 /* ContentView.swift in Sources */,
				156EDEE224D646AD00D91BF5 /* HexacoInventoryItem.swift in Sources */,
				156EDED424D646AD00D91BF5 /* Gender.swift in Sources */,
				156EDEDC24D646AD00D91BF5 /* Hexaco60Scale.swift in Sources */,
				156EDED224D646AD00D91BF5 /* Hexaco60FactorScore.swift in Sources */,
				156EDED824D646AD00D91BF5 /* HexacoFactor.swift in Sources */,
				156EDED024D646AD00D91BF5 /* Hexaco60Inventory.swift in Sources */,
				156EDED624D646AD00D91BF5 /* Hexaco60CompletedInventory.swift in Sources */,
				156EDEE024D646AD00D91BF5 /* Scale.swift in Sources */,
				156EDEDE24D646AD00D91BF5 /* Hexaco60ItemScore.swift in Sources */,
				156EDEB024D6453B00D91BF5 /* HexacoForWritersApp.swift in Sources */,
				156EDEDA24D646AD00D91BF5 /* Hexaco60InventoryScore.swift in Sources */,
			);
			runOnlyForDeploymentPostprocessing = 0;
		};
		156EDE9224D6453B00D91BF5 /* Sources */ = {
			isa = PBXSourcesBuildPhase;
			buildActionMask = 2147483647;
			files = (
				156EDEE524D646AD00D91BF5 /* Character.swift in Sources */,
				156EDEB324D6453B00D91BF5 /* ContentView.swift in Sources */,
				156EDEE324D646AD00D91BF5 /* HexacoInventoryItem.swift in Sources */,
				156EDED524D646AD00D91BF5 /* Gender.swift in Sources */,
				156EDEDD24D646AD00D91BF5 /* Hexaco60Scale.swift in Sources */,
				156EDED324D646AD00D91BF5 /* Hexaco60FactorScore.swift in Sources */,
				156EDED924D646AD00D91BF5 /* HexacoFactor.swift in Sources */,
				156EDED124D646AD00D91BF5 /* Hexaco60Inventory.swift in Sources */,
				156EDED724D646AD00D91BF5 /* Hexaco60CompletedInventory.swift in Sources */,
				156EDEE124D646AD00D91BF5 /* Scale.swift in Sources */,
				156EDEDF24D646AD00D91BF5 /* Hexaco60ItemScore.swift in Sources */,
				156EDEB124D6453B00D91BF5 /* HexacoForWritersApp.swift in Sources */,
				156EDEDB24D646AD00D91BF5 /* Hexaco60InventoryScore.swift in Sources */,
			);
			runOnlyForDeploymentPostprocessing = 0;
		};
		156EDE9A24D6453B00D91BF5 /* Sources */ = {
			isa = PBXSourcesBuildPhase;
			buildActionMask = 2147483647;
			files = (
				156EDEA324D6453B00D91BF5 /* Tests_iOS.swift in Sources */,
			);
			runOnlyForDeploymentPostprocessing = 0;
		};
		156EDEA524D6453B00D91BF5 /* Sources */ = {
			isa = PBXSourcesBuildPhase;
			buildActionMask = 2147483647;
			files = (
				156EDEAE24D6453B00D91BF5 /* Tests_macOS.swift in Sources */,
			);
			runOnlyForDeploymentPostprocessing = 0;
		};
/* End PBXSourcesBuildPhase section */

/* Begin PBXTargetDependency section */
		156EDEA024D6453B00D91BF5 /* PBXTargetDependency */ = {
			isa = PBXTargetDependency;
			target = 156EDE8D24D6453B00D91BF5 /* HexacoForWriters (iOS) */;
			targetProxy = 156EDE9F24D6453B00D91BF5 /* PBXContainerItemProxy */;
		};
		156EDEAB24D6453B00D91BF5 /* PBXTargetDependency */ = {
			isa = PBXTargetDependency;
			target = 156EDE9524D6453B00D91BF5 /* HexacoForWriters (macOS) */;
			targetProxy = 156EDEAA24D6453B00D91BF5 /* PBXContainerItemProxy */;
		};
/* End PBXTargetDependency section */

/* Begin XCBuildConfiguration section */
		156EDEB624D6453B00D91BF5 /* Debug */ = {
			isa = XCBuildConfiguration;
			buildSettings = {
				ALWAYS_SEARCH_USER_PATHS = NO;
				CLANG_ANALYZER_NONNULL = YES;
				CLANG_ANALYZER_NUMBER_OBJECT_CONVERSION = YES_AGGRESSIVE;
				CLANG_CXX_LANGUAGE_STANDARD = "gnu++14";
				CLANG_CXX_LIBRARY = "libc++";
				CLANG_ENABLE_MODULES = YES;
				CLANG_ENABLE_OBJC_ARC = YES;
				CLANG_ENABLE_OBJC_WEAK = YES;
				CLANG_WARN_BLOCK_CAPTURE_AUTORELEASING = YES;
				CLANG_WARN_BOOL_CONVERSION = YES;
				CLANG_WARN_COMMA = YES;
				CLANG_WARN_CONSTANT_CONVERSION = YES;
				CLANG_WARN_DEPRECATED_OBJC_IMPLEMENTATIONS = YES;
				CLANG_WARN_DIRECT_OBJC_ISA_USAGE = YES_ERROR;
				CLANG_WARN_DOCUMENTATION_COMMENTS = YES;
				CLANG_WARN_EMPTY_BODY = YES;
				CLANG_WARN_ENUM_CONVERSION = YES;
				CLANG_WARN_INFINITE_RECURSION = YES;
				CLANG_WARN_INT_CONVERSION = YES;
				CLANG_WARN_NON_LITERAL_NULL_CONVERSION = YES;
				CLANG_WARN_OBJC_IMPLICIT_RETAIN_SELF = YES;
				CLANG_WARN_OBJC_LITERAL_CONVERSION = YES;
				CLANG_WARN_OBJC_ROOT_CLASS = YES_ERROR;
				CLANG_WARN_QUOTED_INCLUDE_IN_FRAMEWORK_HEADER = YES;
				CLANG_WARN_RANGE_LOOP_ANALYSIS = YES;
				CLANG_WARN_STRICT_PROTOTYPES = YES;
				CLANG_WARN_SUSPICIOUS_MOVE = YES;
				CLANG_WARN_UNGUARDED_AVAILABILITY = YES_AGGRESSIVE;
				CLANG_WARN_UNREACHABLE_CODE = YES;
				CLANG_WARN__DUPLICATE_METHOD_MATCH = YES;
				COPY_PHASE_STRIP = NO;
				DEBUG_INFORMATION_FORMAT = dwarf;
				ENABLE_STRICT_OBJC_MSGSEND = YES;
				ENABLE_TESTABILITY = YES;
				GCC_C_LANGUAGE_STANDARD = gnu11;
				GCC_DYNAMIC_NO_PIC = NO;
				GCC_NO_COMMON_BLOCKS = YES;
				GCC_OPTIMIZATION_LEVEL = 0;
				GCC_PREPROCESSOR_DEFINITIONS = (
					"DEBUG=1",
					"$(inherited)",
				);
				GCC_WARN_64_TO_32_BIT_CONVERSION = YES;
				GCC_WARN_ABOUT_RETURN_TYPE = YES_ERROR;
				GCC_WARN_UNDECLARED_SELECTOR = YES;
				GCC_WARN_UNINITIALIZED_AUTOS = YES_AGGRESSIVE;
				GCC_WARN_UNUSED_FUNCTION = YES;
				GCC_WARN_UNUSED_VARIABLE = YES;
				MTL_ENABLE_DEBUG_INFO = INCLUDE_SOURCE;
				MTL_FAST_MATH = YES;
				ONLY_ACTIVE_ARCH = YES;
				SWIFT_ACTIVE_COMPILATION_CONDITIONS = DEBUG;
				SWIFT_OPTIMIZATION_LEVEL = "-Onone";
			};
			name = Debug;
		};
		156EDEB724D6453B00D91BF5 /* Release */ = {
			isa = XCBuildConfiguration;
			buildSettings = {
				ALWAYS_SEARCH_USER_PATHS = NO;
				CLANG_ANALYZER_NONNULL = YES;
				CLANG_ANALYZER_NUMBER_OBJECT_CONVERSION = YES_AGGRESSIVE;
				CLANG_CXX_LANGUAGE_STANDARD = "gnu++14";
				CLANG_CXX_LIBRARY = "libc++";
				CLANG_ENABLE_MODULES = YES;
				CLANG_ENABLE_OBJC_ARC = YES;
				CLANG_ENABLE_OBJC_WEAK = YES;
				CLANG_WARN_BLOCK_CAPTURE_AUTORELEASING = YES;
				CLANG_WARN_BOOL_CONVERSION = YES;
				CLANG_WARN_COMMA = YES;
				CLANG_WARN_CONSTANT_CONVERSION = YES;
				CLANG_WARN_DEPRECATED_OBJC_IMPLEMENTATIONS = YES;
				CLANG_WARN_DIRECT_OBJC_ISA_USAGE = YES_ERROR;
				CLANG_WARN_DOCUMENTATION_COMMENTS = YES;
				CLANG_WARN_EMPTY_BODY = YES;
				CLANG_WARN_ENUM_CONVERSION = YES;
				CLANG_WARN_INFINITE_RECURSION = YES;
				CLANG_WARN_INT_CONVERSION = YES;
				CLANG_WARN_NON_LITERAL_NULL_CONVERSION = YES;
				CLANG_WARN_OBJC_IMPLICIT_RETAIN_SELF = YES;
				CLANG_WARN_OBJC_LITERAL_CONVERSION = YES;
				CLANG_WARN_OBJC_ROOT_CLASS = YES_ERROR;
				CLANG_WARN_QUOTED_INCLUDE_IN_FRAMEWORK_HEADER = YES;
				CLANG_WARN_RANGE_LOOP_ANALYSIS = YES;
				CLANG_WARN_STRICT_PROTOTYPES = YES;
				CLANG_WARN_SUSPICIOUS_MOVE = YES;
				CLANG_WARN_UNGUARDED_AVAILABILITY = YES_AGGRESSIVE;
				CLANG_WARN_UNREACHABLE_CODE = YES;
				CLANG_WARN__DUPLICATE_METHOD_MATCH = YES;
				COPY_PHASE_STRIP = NO;
				DEBUG_INFORMATION_FORMAT = "dwarf-with-dsym";
				ENABLE_NS_ASSERTIONS = NO;
				ENABLE_STRICT_OBJC_MSGSEND = YES;
				GCC_C_LANGUAGE_STANDARD = gnu11;
				GCC_NO_COMMON_BLOCKS = YES;
				GCC_WARN_64_TO_32_BIT_CONVERSION = YES;
				GCC_WARN_ABOUT_RETURN_TYPE = YES_ERROR;
				GCC_WARN_UNDECLARED_SELECTOR = YES;
				GCC_WARN_UNINITIALIZED_AUTOS = YES_AGGRESSIVE;
				GCC_WARN_UNUSED_FUNCTION = YES;
				GCC_WARN_UNUSED_VARIABLE = YES;
				MTL_ENABLE_DEBUG_INFO = NO;
				MTL_FAST_MATH = YES;
				SWIFT_COMPILATION_MODE = wholemodule;
				SWIFT_OPTIMIZATION_LEVEL = "-O";
			};
			name = Release;
		};
		156EDEB924D6453B00D91BF5 /* Debug */ = {
			isa = XCBuildConfiguration;
			buildSettings = {
				ASSETCATALOG_COMPILER_APPICON_NAME = AppIcon;
				ASSETCATALOG_COMPILER_GLOBAL_ACCENT_COLOR_NAME = AccentColor;
				CODE_SIGN_STYLE = Automatic;
				DEVELOPMENT_TEAM = LAGG8K2H98;
				ENABLE_PREVIEWS = YES;
				INFOPLIST_FILE = iOS/Info.plist;
				IPHONEOS_DEPLOYMENT_TARGET = 14.0;
				LD_RUNPATH_SEARCH_PATHS = (
					"$(inherited)",
					"@executable_path/Frameworks",
				);
				PRODUCT_BUNDLE_IDENTIFIER = com.qalang.HexacoForWriters;
				PRODUCT_NAME = HexacoForWriters;
				SDKROOT = iphoneos;
				SWIFT_VERSION = 5.0;
				TARGETED_DEVICE_FAMILY = "1,2";
			};
			name = Debug;
		};
		156EDEBA24D6453B00D91BF5 /* Release */ = {
			isa = XCBuildConfiguration;
			buildSettings = {
				ASSETCATALOG_COMPILER_APPICON_NAME = AppIcon;
				ASSETCATALOG_COMPILER_GLOBAL_ACCENT_COLOR_NAME = AccentColor;
				CODE_SIGN_STYLE = Automatic;
				DEVELOPMENT_TEAM = LAGG8K2H98;
				ENABLE_PREVIEWS = YES;
				INFOPLIST_FILE = iOS/Info.plist;
				IPHONEOS_DEPLOYMENT_TARGET = 14.0;
				LD_RUNPATH_SEARCH_PATHS = (
					"$(inherited)",
					"@executable_path/Frameworks",
				);
				PRODUCT_BUNDLE_IDENTIFIER = com.qalang.HexacoForWriters;
				PRODUCT_NAME = HexacoForWriters;
				SDKROOT = iphoneos;
				SWIFT_VERSION = 5.0;
				TARGETED_DEVICE_FAMILY = "1,2";
				VALIDATE_PRODUCT = YES;
			};
			name = Release;
		};
		156EDEBC24D6453B00D91BF5 /* Debug */ = {
			isa = XCBuildConfiguration;
			buildSettings = {
				ASSETCATALOG_COMPILER_APPICON_NAME = AppIcon;
				ASSETCATALOG_COMPILER_GLOBAL_ACCENT_COLOR_NAME = AccentColor;
				CODE_SIGN_ENTITLEMENTS = macOS/macOS.entitlements;
				CODE_SIGN_STYLE = Automatic;
				COMBINE_HIDPI_IMAGES = YES;
				DEVELOPMENT_TEAM = LAGG8K2H98;
				ENABLE_HARDENED_RUNTIME = YES;
				ENABLE_PREVIEWS = YES;
				INFOPLIST_FILE = macOS/Info.plist;
				LD_RUNPATH_SEARCH_PATHS = (
					"$(inherited)",
					"@executable_path/../Frameworks",
				);
				MACOSX_DEPLOYMENT_TARGET = 11.0;
				PRODUCT_BUNDLE_IDENTIFIER = com.qalang.HexacoForWriters;
				PRODUCT_NAME = HexacoForWriters;
				SDKROOT = macosx;
				SWIFT_VERSION = 5.0;
			};
			name = Debug;
		};
		156EDEBD24D6453B00D91BF5 /* Release */ = {
			isa = XCBuildConfiguration;
			buildSettings = {
				ASSETCATALOG_COMPILER_APPICON_NAME = AppIcon;
				ASSETCATALOG_COMPILER_GLOBAL_ACCENT_COLOR_NAME = AccentColor;
				CODE_SIGN_ENTITLEMENTS = macOS/macOS.entitlements;
				CODE_SIGN_STYLE = Automatic;
				COMBINE_HIDPI_IMAGES = YES;
				DEVELOPMENT_TEAM = LAGG8K2H98;
				ENABLE_HARDENED_RUNTIME = YES;
				ENABLE_PREVIEWS = YES;
				INFOPLIST_FILE = macOS/Info.plist;
				LD_RUNPATH_SEARCH_PATHS = (
					"$(inherited)",
					"@executable_path/../Frameworks",
				);
				MACOSX_DEPLOYMENT_TARGET = 11.0;
				PRODUCT_BUNDLE_IDENTIFIER = com.qalang.HexacoForWriters;
				PRODUCT_NAME = HexacoForWriters;
				SDKROOT = macosx;
				SWIFT_VERSION = 5.0;
			};
			name = Release;
		};
		156EDEBF24D6453B00D91BF5 /* Debug */ = {
			isa = XCBuildConfiguration;
			buildSettings = {
				ALWAYS_EMBED_SWIFT_STANDARD_LIBRARIES = YES;
				CODE_SIGN_STYLE = Automatic;
				DEVELOPMENT_TEAM = LAGG8K2H98;
				INFOPLIST_FILE = "Tests iOS/Info.plist";
				IPHONEOS_DEPLOYMENT_TARGET = 14.0;
				LD_RUNPATH_SEARCH_PATHS = (
					"$(inherited)",
					"@executable_path/Frameworks",
					"@loader_path/Frameworks",
				);
				PRODUCT_BUNDLE_IDENTIFIER = "com.qalang.Tests-iOS";
				PRODUCT_NAME = "$(TARGET_NAME)";
				SDKROOT = iphoneos;
				SWIFT_VERSION = 5.0;
				TARGETED_DEVICE_FAMILY = "1,2";
				TEST_TARGET_NAME = "HexacoForWriters (iOS)";
			};
			name = Debug;
		};
		156EDEC024D6453B00D91BF5 /* Release */ = {
			isa = XCBuildConfiguration;
			buildSettings = {
				ALWAYS_EMBED_SWIFT_STANDARD_LIBRARIES = YES;
				CODE_SIGN_STYLE = Automatic;
				DEVELOPMENT_TEAM = LAGG8K2H98;
				INFOPLIST_FILE = "Tests iOS/Info.plist";
				IPHONEOS_DEPLOYMENT_TARGET = 14.0;
				LD_RUNPATH_SEARCH_PATHS = (
					"$(inherited)",
					"@executable_path/Frameworks",
					"@loader_path/Frameworks",
				);
				PRODUCT_BUNDLE_IDENTIFIER = "com.qalang.Tests-iOS";
				PRODUCT_NAME = "$(TARGET_NAME)";
				SDKROOT = iphoneos;
				SWIFT_VERSION = 5.0;
				TARGETED_DEVICE_FAMILY = "1,2";
				TEST_TARGET_NAME = "HexacoForWriters (iOS)";
				VALIDATE_PRODUCT = YES;
			};
			name = Release;
		};
		156EDEC224D6453B00D91BF5 /* Debug */ = {
			isa = XCBuildConfiguration;
			buildSettings = {
				ALWAYS_EMBED_SWIFT_STANDARD_LIBRARIES = YES;
				CODE_SIGN_STYLE = Automatic;
				COMBINE_HIDPI_IMAGES = YES;
				DEVELOPMENT_TEAM = LAGG8K2H98;
				INFOPLIST_FILE = "Tests macOS/Info.plist";
				LD_RUNPATH_SEARCH_PATHS = (
					"$(inherited)",
					"@executable_path/../Frameworks",
					"@loader_path/../Frameworks",
				);
				MACOSX_DEPLOYMENT_TARGET = 11.0;
				PRODUCT_BUNDLE_IDENTIFIER = "com.qalang.Tests-macOS";
				PRODUCT_NAME = "$(TARGET_NAME)";
				SDKROOT = macosx;
				SWIFT_VERSION = 5.0;
				TEST_TARGET_NAME = "HexacoForWriters (macOS)";
			};
			name = Debug;
		};
		156EDEC324D6453B00D91BF5 /* Release */ = {
			isa = XCBuildConfiguration;
			buildSettings = {
				ALWAYS_EMBED_SWIFT_STANDARD_LIBRARIES = YES;
				CODE_SIGN_STYLE = Automatic;
				COMBINE_HIDPI_IMAGES = YES;
				DEVELOPMENT_TEAM = LAGG8K2H98;
				INFOPLIST_FILE = "Tests macOS/Info.plist";
				LD_RUNPATH_SEARCH_PATHS = (
					"$(inherited)",
					"@executable_path/../Frameworks",
					"@loader_path/../Frameworks",
				);
				MACOSX_DEPLOYMENT_TARGET = 11.0;
				PRODUCT_BUNDLE_IDENTIFIER = "com.qalang.Tests-macOS";
				PRODUCT_NAME = "$(TARGET_NAME)";
				SDKROOT = macosx;
				SWIFT_VERSION = 5.0;
				TEST_TARGET_NAME = "HexacoForWriters (macOS)";
			};
			name = Release;
		};
/* End XCBuildConfiguration section */

/* Begin XCConfigurationList section */
		156EDE8524D6453A00D91BF5 /* Build configuration list for PBXProject "HexacoForWriters" */ = {
			isa = XCConfigurationList;
			buildConfigurations = (
				156EDEB624D6453B00D91BF5 /* Debug */,
				156EDEB724D6453B00D91BF5 /* Release */,
			);
			defaultConfigurationIsVisible = 0;
			defaultConfigurationName = Release;
		};
		156EDEB824D6453B00D91BF5 /* Build configuration list for PBXNativeTarget "HexacoForWriters (iOS)" */ = {
			isa = XCConfigurationList;
			buildConfigurations = (
				156EDEB924D6453B00D91BF5 /* Debug */,
				156EDEBA24D6453B00D91BF5 /* Release */,
			);
			defaultConfigurationIsVisible = 0;
			defaultConfigurationName = Release;
		};
		156EDEBB24D6453B00D91BF5 /* Build configuration list for PBXNativeTarget "HexacoForWriters (macOS)" */ = {
			isa = XCConfigurationList;
			buildConfigurations = (
				156EDEBC24D6453B00D91BF5 /* Debug */,
				156EDEBD24D6453B00D91BF5 /* Release */,
			);
			defaultConfigurationIsVisible = 0;
			defaultConfigurationName = Release;
		};
		156EDEBE24D6453B00D91BF5 /* Build configuration list for PBXNativeTarget "Tests iOS" */ = {
			isa = XCConfigurationList;
			buildConfigurations = (
				156EDEBF24D6453B00D91BF5 /* Debug */,
				156EDEC024D6453B00D91BF5 /* Release */,
			);
			defaultConfigurationIsVisible = 0;
			defaultConfigurationName = Release;
		};
		156EDEC124D6453B00D91BF5 /* Build configuration list for PBXNativeTarget "Tests macOS" */ = {
			isa = XCConfigurationList;
			buildConfigurations = (
				156EDEC224D6453B00D91BF5 /* Debug */,
				156EDEC324D6453B00D91BF5 /* Release */,
			);
			defaultConfigurationIsVisible = 0;
			defaultConfigurationName = Release;
		};
/* End XCConfigurationList section */
	};
	rootObject = 156EDE8224D6453A00D91BF5 /* Project object */;
}
